// !$*UTF8*$!
{
	archiveVersion = 1;
	classes = {
	};
	objectVersion = 51;
	objects = {

/* Begin PBXBuildFile section */
		8E003BD7264FB92700CB5802 /* FolderCollectionViewCell.swift in Sources */ = {isa = PBXBuildFile; fileRef = 8E003BD5264FB92700CB5802 /* FolderCollectionViewCell.swift */; };
		8E003BD8264FB92700CB5802 /* FolderCollectionViewCell.xib in Resources */ = {isa = PBXBuildFile; fileRef = 8E003BD6264FB92700CB5802 /* FolderCollectionViewCell.xib */; };
		8E1496C126C39584002090CA /* Timeout.storyboard in Resources */ = {isa = PBXBuildFile; fileRef = 8E1496C026C39584002090CA /* Timeout.storyboard */; };
		8E1496C326C39616002090CA /* ViewNotiController.swift in Sources */ = {isa = PBXBuildFile; fileRef = 8E1496C226C39616002090CA /* ViewNotiController.swift */; };
		8E1D604F26B9063600DF53FE /* PageViewController.swift in Sources */ = {isa = PBXBuildFile; fileRef = 8E1D604E26B9063600DF53FE /* PageViewController.swift */; };
		8E1D606D26B92BCC00DF53FE /* UserNotifications.framework in Frameworks */ = {isa = PBXBuildFile; fileRef = 8E1D606C26B92BCC00DF53FE /* UserNotifications.framework */; };
		8E1D606F26B92BCC00DF53FE /* UserNotificationsUI.framework in Frameworks */ = {isa = PBXBuildFile; fileRef = 8E1D606E26B92BCC00DF53FE /* UserNotificationsUI.framework */; };
		8E1D607226B92BCC00DF53FE /* NotificationViewController.swift in Sources */ = {isa = PBXBuildFile; fileRef = 8E1D607126B92BCC00DF53FE /* NotificationViewController.swift */; };
		8E1D607526B92BCC00DF53FE /* MainInterface.storyboard in Resources */ = {isa = PBXBuildFile; fileRef = 8E1D607326B92BCC00DF53FE /* MainInterface.storyboard */; };
		8E1D607926B92BCC00DF53FE /* AlarmPushNotificationService.appex in Embed App Extensions */ = {isa = PBXBuildFile; fileRef = 8E1D606B26B92BCC00DF53FE /* AlarmPushNotificationService.appex */; settings = {ATTRIBUTES = (RemoveHeadersOnCopy, ); }; };
		8E1D607F26B92D0D00DF53FE /* UserDefaultKey.swift in Sources */ = {isa = PBXBuildFile; fileRef = 8E1D607E26B92D0D00DF53FE /* UserDefaultKey.swift */; };
		8E2B834326A41F9F00AC2570 /* MakeNotiFolderView.swift in Sources */ = {isa = PBXBuildFile; fileRef = 8E2B834226A41F9F00AC2570 /* MakeNotiFolderView.swift */; };
		8E2B834526A41FFA00AC2570 /* MakeNotiFolderView.xib in Resources */ = {isa = PBXBuildFile; fileRef = 8E2B834426A41FFA00AC2570 /* MakeNotiFolderView.xib */; };
		8E2B834826A42DB200AC2570 /* TimeOutCollectionViewCell.swift in Sources */ = {isa = PBXBuildFile; fileRef = 8E2B834626A42DB100AC2570 /* TimeOutCollectionViewCell.swift */; };
		8E2B834926A42DB200AC2570 /* TimeOutCollectionViewCell.xib in Resources */ = {isa = PBXBuildFile; fileRef = 8E2B834726A42DB100AC2570 /* TimeOutCollectionViewCell.xib */; };
		8E2B834E26A7E14600AC2570 /* WriteViewController.swift in Sources */ = {isa = PBXBuildFile; fileRef = 8E2B834D26A7E14600AC2570 /* WriteViewController.swift */; };
		8E2B835126A7E9D800AC2570 /* LinkCollectionViewCell.swift in Sources */ = {isa = PBXBuildFile; fileRef = 8E2B834F26A7E9D800AC2570 /* LinkCollectionViewCell.swift */; };
		8E2B835226A7E9D800AC2570 /* LinkCollectionViewCell.xib in Resources */ = {isa = PBXBuildFile; fileRef = 8E2B835026A7E9D800AC2570 /* LinkCollectionViewCell.xib */; };
		8E2B835526A95D0700AC2570 /* TextInViewController.swift in Sources */ = {isa = PBXBuildFile; fileRef = 8E2B835426A95D0700AC2570 /* TextInViewController.swift */; };
		8E2B835826AD2C8F00AC2570 /* TextCellTableViewCell.swift in Sources */ = {isa = PBXBuildFile; fileRef = 8E2B835626AD2C8F00AC2570 /* TextCellTableViewCell.swift */; };
		8E2B835926AD2C9000AC2570 /* TextCellTableViewCell.xib in Resources */ = {isa = PBXBuildFile; fileRef = 8E2B835726AD2C8F00AC2570 /* TextCellTableViewCell.xib */; };
		8E2B835D26AD724600AC2570 /* LayoutTableViewCell.xib in Resources */ = {isa = PBXBuildFile; fileRef = 8E2B835B26AD724400AC2570 /* LayoutTableViewCell.xib */; };
		8E2B835F26ADD1DA00AC2570 /* LinkInViewController.swift in Sources */ = {isa = PBXBuildFile; fileRef = 8E2B835E26ADD1D800AC2570 /* LinkInViewController.swift */; };
		8E2B836126AFDF5600AC2570 /* MakeLinkViewController.swift in Sources */ = {isa = PBXBuildFile; fileRef = 8E2B836026AFDF5500AC2570 /* MakeLinkViewController.swift */; };
		8E5B805D26BD1EBD0030D4B9 /* UserProfileService.swift in Sources */ = {isa = PBXBuildFile; fileRef = 8E5B805C26BD1EBC0030D4B9 /* UserProfileService.swift */; };
		8E5B806026BD20660030D4B9 /* GetProfileResponse.swift in Sources */ = {isa = PBXBuildFile; fileRef = 8E5B805F26BD20660030D4B9 /* GetProfileResponse.swift */; };
		8E66D205269ED8DB00F48C26 /* AlarmViewController.swift in Sources */ = {isa = PBXBuildFile; fileRef = 8E66D204269ED8DA00F48C26 /* AlarmViewController.swift */; };
		8E66D207269EDB6800F48C26 /* BookMarkViewController.swift in Sources */ = {isa = PBXBuildFile; fileRef = 8E66D206269EDB6800F48C26 /* BookMarkViewController.swift */; };
		8E66D209269EDC5800F48C26 /* TextBookViewController.swift in Sources */ = {isa = PBXBuildFile; fileRef = 8E66D208269EDC5800F48C26 /* TextBookViewController.swift */; };
		8E66D20B269EDC6A00F48C26 /* LinkBookViewController.swift in Sources */ = {isa = PBXBuildFile; fileRef = 8E66D20A269EDC6A00F48C26 /* LinkBookViewController.swift */; };
		8E66D20E269EE55500F48C26 /* CalendarTableViewCell.swift in Sources */ = {isa = PBXBuildFile; fileRef = 8E66D20C269EE55500F48C26 /* CalendarTableViewCell.swift */; };
		8E66D20F269EE55500F48C26 /* CalendarTableViewCell.xib in Resources */ = {isa = PBXBuildFile; fileRef = 8E66D20D269EE55500F48C26 /* CalendarTableViewCell.xib */; };
		8E66D211269EE94B00F48C26 /* DateUtil.swift in Sources */ = {isa = PBXBuildFile; fileRef = 8E66D210269EE94B00F48C26 /* DateUtil.swift */; };
		8E66D214269F3EA300F48C26 /* AddCalendarViewController.swift in Sources */ = {isa = PBXBuildFile; fileRef = 8E66D213269F3EA300F48C26 /* AddCalendarViewController.swift */; };
		8E66D218269F45D300F48C26 /* TitleAddTableViewCell.swift in Sources */ = {isa = PBXBuildFile; fileRef = 8E66D216269F45D300F48C26 /* TitleAddTableViewCell.swift */; };
		8E66D219269F45D300F48C26 /* TitleAddTableViewCell.xib in Resources */ = {isa = PBXBuildFile; fileRef = 8E66D217269F45D300F48C26 /* TitleAddTableViewCell.xib */; };
		8E66D21C269F45EE00F48C26 /* DateAddTableViewCell.swift in Sources */ = {isa = PBXBuildFile; fileRef = 8E66D21A269F45EE00F48C26 /* DateAddTableViewCell.swift */; };
		8E66D21D269F45EE00F48C26 /* DateAddTableViewCell.xib in Resources */ = {isa = PBXBuildFile; fileRef = 8E66D21B269F45EE00F48C26 /* DateAddTableViewCell.xib */; };
		8E66D220269F460000F48C26 /* DateTimeTableViewCell.swift in Sources */ = {isa = PBXBuildFile; fileRef = 8E66D21E269F460000F48C26 /* DateTimeTableViewCell.swift */; };
		8E66D221269F460000F48C26 /* DateTimeTableViewCell.xib in Resources */ = {isa = PBXBuildFile; fileRef = 8E66D21F269F460000F48C26 /* DateTimeTableViewCell.xib */; };
		8E66D22526A00BD800F48C26 /* AlarmTableViewCell.swift in Sources */ = {isa = PBXBuildFile; fileRef = 8E66D22326A00BD700F48C26 /* AlarmTableViewCell.swift */; };
		8E66D22626A00BD800F48C26 /* AlarmTableViewCell.xib in Resources */ = {isa = PBXBuildFile; fileRef = 8E66D22426A00BD700F48C26 /* AlarmTableViewCell.xib */; };
		8E66D22826A017C300F48C26 /* MakeAlarmViewController.swift in Sources */ = {isa = PBXBuildFile; fileRef = 8E66D22726A017C300F48C26 /* MakeAlarmViewController.swift */; };
		8E70C1C2269196FC006F1D2C /* Extension.swift in Sources */ = {isa = PBXBuildFile; fileRef = 8E70C1C1269196FC006F1D2C /* Extension.swift */; };
		8E70C1C4269199A6006F1D2C /* ProfileEditViewController.swift in Sources */ = {isa = PBXBuildFile; fileRef = 8E70C1C3269199A6006F1D2C /* ProfileEditViewController.swift */; };
		8E70C1C82691A581006F1D2C /* IDInputTableViewCell.swift in Sources */ = {isa = PBXBuildFile; fileRef = 8E70C1C62691A581006F1D2C /* IDInputTableViewCell.swift */; };
		8E70C1C92691A581006F1D2C /* IDInputTableViewCell.xib in Resources */ = {isa = PBXBuildFile; fileRef = 8E70C1C72691A581006F1D2C /* IDInputTableViewCell.xib */; };
		8E782AD02647D3A400D93D89 /* AppDelegate.swift in Sources */ = {isa = PBXBuildFile; fileRef = 8E782ACF2647D3A400D93D89 /* AppDelegate.swift */; };
		8E782AD22647D3A400D93D89 /* SceneDelegate.swift in Sources */ = {isa = PBXBuildFile; fileRef = 8E782AD12647D3A400D93D89 /* SceneDelegate.swift */; };
		8E782AD42647D3A400D93D89 /* ViewController.swift in Sources */ = {isa = PBXBuildFile; fileRef = 8E782AD32647D3A400D93D89 /* ViewController.swift */; };
		8E782AD72647D3A400D93D89 /* Main.storyboard in Resources */ = {isa = PBXBuildFile; fileRef = 8E782AD52647D3A400D93D89 /* Main.storyboard */; };
		8E782ADA2647D3A400D93D89 /* PrivateRoom.xcdatamodeld in Sources */ = {isa = PBXBuildFile; fileRef = 8E782AD82647D3A400D93D89 /* PrivateRoom.xcdatamodeld */; };
		8E782ADC2647D3AC00D93D89 /* Assets.xcassets in Resources */ = {isa = PBXBuildFile; fileRef = 8E782ADB2647D3AC00D93D89 /* Assets.xcassets */; };
		8E782ADF2647D3AC00D93D89 /* LaunchScreen.storyboard in Resources */ = {isa = PBXBuildFile; fileRef = 8E782ADD2647D3AC00D93D89 /* LaunchScreen.storyboard */; };
		8EA90B7C26C2541800469964 /* Calendar.storyboard in Resources */ = {isa = PBXBuildFile; fileRef = 8EA90B7B26C2541800469964 /* Calendar.storyboard */; };
		8EA90B7E26C2A3CF00469964 /* ScheduleService.swift in Sources */ = {isa = PBXBuildFile; fileRef = 8EA90B7D26C2A3CF00469964 /* ScheduleService.swift */; };
		8EA90B8126C2A57D00469964 /* GetScheduleResponse.swift in Sources */ = {isa = PBXBuildFile; fileRef = 8EA90B8026C2A57D00469964 /* GetScheduleResponse.swift */; };
		8EA90B8326C2A6E600469964 /* PostScheduleRequest.swift in Sources */ = {isa = PBXBuildFile; fileRef = 8EA90B8226C2A6E600469964 /* PostScheduleRequest.swift */; };
		8EA90B8526C2A8BB00469964 /* EditScheduleRequest.swift in Sources */ = {isa = PBXBuildFile; fileRef = 8EA90B8426C2A8BB00469964 /* EditScheduleRequest.swift */; };
		8EB54A6426C605FE009C7F7C /* FolderService.swift in Sources */ = {isa = PBXBuildFile; fileRef = 8EB54A6326C605FE009C7F7C /* FolderService.swift */; };
		8EB54A6726C60775009C7F7C /* GetFolderResponse.swift in Sources */ = {isa = PBXBuildFile; fileRef = 8EB54A6626C60775009C7F7C /* GetFolderResponse.swift */; };
		8ED15EA7269996F1002943C9 /* SignInViewController.swift in Sources */ = {isa = PBXBuildFile; fileRef = 8ED15EA6269996F0002943C9 /* SignInViewController.swift */; };
		8ED15EA92699D687002943C9 /* FindIDViewController.swift in Sources */ = {isa = PBXBuildFile; fileRef = 8ED15EA82699D687002943C9 /* FindIDViewController.swift */; };
		8ED15EAB2699DB7E002943C9 /* FindPWViewController.swift in Sources */ = {isa = PBXBuildFile; fileRef = 8ED15EAA2699DB7E002943C9 /* FindPWViewController.swift */; };
		8ED94267269D844900B860BF /* MakeFolder.xib in Resources */ = {isa = PBXBuildFile; fileRef = 8ED94266269D844900B860BF /* MakeFolder.xib */; };
		8ED94269269D85C700B860BF /* MakeFolder.swift in Sources */ = {isa = PBXBuildFile; fileRef = 8ED94268269D85C700B860BF /* MakeFolder.swift */; };
		8EE69D6426484B4F00ED19B9 /* MainViewController.swift in Sources */ = {isa = PBXBuildFile; fileRef = 8EE69D6326484B4F00ED19B9 /* MainViewController.swift */; };
		8EE69D6626484B7D00ED19B9 /* TextViewController.swift in Sources */ = {isa = PBXBuildFile; fileRef = 8EE69D6526484B7D00ED19B9 /* TextViewController.swift */; };
		8EE69D6A26484B9900ED19B9 /* LinkViewController.swift in Sources */ = {isa = PBXBuildFile; fileRef = 8EE69D6926484B9900ED19B9 /* LinkViewController.swift */; };
		8EE69D6C26484BAA00ED19B9 /* NotiViewController.swift in Sources */ = {isa = PBXBuildFile; fileRef = 8EE69D6B26484BAA00ED19B9 /* NotiViewController.swift */; };
		8EE69D6E26486B6E00ED19B9 /* ProfileViewController.swift in Sources */ = {isa = PBXBuildFile; fileRef = 8EE69D6D26486B6E00ED19B9 /* ProfileViewController.swift */; };
		8EF00F0F2652BA9800AA1EEA /* Profile.storyboard in Resources */ = {isa = PBXBuildFile; fileRef = 8EF00F0E2652BA9700AA1EEA /* Profile.storyboard */; };
		8EF00F11265390C900AA1EEA /* FolderViewController.swift in Sources */ = {isa = PBXBuildFile; fileRef = 8EF00F10265390C800AA1EEA /* FolderViewController.swift */; };
		8EF00F1326539C0100AA1EEA /* FolderInViewController.swift in Sources */ = {isa = PBXBuildFile; fileRef = 8EF00F1226539C0100AA1EEA /* FolderInViewController.swift */; };
		8EF00F1626539CB300AA1EEA /* Model.swift in Sources */ = {isa = PBXBuildFile; fileRef = 8EF00F1526539CB300AA1EEA /* Model.swift */; };
		8EF3BFA5268F61FE00415150 /* UserLoginServices.swift in Sources */ = {isa = PBXBuildFile; fileRef = 8EF3BFA4268F61FE00415150 /* UserLoginServices.swift */; };
		8EF3BFA8268F627400415150 /* FolderViewModel.swift in Sources */ = {isa = PBXBuildFile; fileRef = 8EF3BFA7268F627400415150 /* FolderViewModel.swift */; };
		8EF3BFAA268F641300415150 /* CalendarViewController.swift in Sources */ = {isa = PBXBuildFile; fileRef = 8EF3BFA9268F641300415150 /* CalendarViewController.swift */; };
		8EF3BFAD268F677E00415150 /* LoginViewController.swift in Sources */ = {isa = PBXBuildFile; fileRef = 8EF3BFAC268F677E00415150 /* LoginViewController.swift */; };
		8EF3BFAF268F678D00415150 /* Login.storyboard in Resources */ = {isa = PBXBuildFile; fileRef = 8EF3BFAE268F678D00415150 /* Login.storyboard */; };
		8EFFBFBE26BC4FBD007C1868 /* SignUpRequest.swift in Sources */ = {isa = PBXBuildFile; fileRef = 8EFFBFBD26BC4FBD007C1868 /* SignUpRequest.swift */; };
		8EFFBFC026BC4FD2007C1868 /* SignUpResponse.swift in Sources */ = {isa = PBXBuildFile; fileRef = 8EFFBFBF26BC4FD2007C1868 /* SignUpResponse.swift */; };
		8EFFBFC226BC5EEE007C1868 /* LoginRequest.swift in Sources */ = {isa = PBXBuildFile; fileRef = 8EFFBFC126BC5EEE007C1868 /* LoginRequest.swift */; };
		8EFFBFC526BC5F0E007C1868 /* LoginResponse.swift in Sources */ = {isa = PBXBuildFile; fileRef = 8EFFBFC426BC5F0E007C1868 /* LoginResponse.swift */; };
		AAC47C21F15A770385ECE65C /* Pods_PrivateRoom.framework in Frameworks */ = {isa = PBXBuildFile; fileRef = 575ACDD701EBBB7F03E428A0 /* Pods_PrivateRoom.framework */; };
/* End PBXBuildFile section */

/* Begin PBXContainerItemProxy section */
		8E1D607726B92BCC00DF53FE /* PBXContainerItemProxy */ = {
			isa = PBXContainerItemProxy;
			containerPortal = 8E782AC42647D3A400D93D89 /* Project object */;
			proxyType = 1;
			remoteGlobalIDString = 8E1D606A26B92BCC00DF53FE;
			remoteInfo = AlarmPushNotificationService;
		};
/* End PBXContainerItemProxy section */

/* Begin PBXCopyFilesBuildPhase section */
		8E1D607D26B92BCC00DF53FE /* Embed App Extensions */ = {
			isa = PBXCopyFilesBuildPhase;
			buildActionMask = 2147483647;
			dstPath = "";
			dstSubfolderSpec = 13;
			files = (
				8E1D607926B92BCC00DF53FE /* AlarmPushNotificationService.appex in Embed App Extensions */,
			);
			name = "Embed App Extensions";
			runOnlyForDeploymentPostprocessing = 0;
		};
/* End PBXCopyFilesBuildPhase section */

/* Begin PBXFileReference section */
		1FC203A57B3F8323CDD97235 /* Pods-PrivateRoom.debug.xcconfig */ = {isa = PBXFileReference; includeInIndex = 1; lastKnownFileType = text.xcconfig; name = "Pods-PrivateRoom.debug.xcconfig"; path = "Target Support Files/Pods-PrivateRoom/Pods-PrivateRoom.debug.xcconfig"; sourceTree = "<group>"; };
		575ACDD701EBBB7F03E428A0 /* Pods_PrivateRoom.framework */ = {isa = PBXFileReference; explicitFileType = wrapper.framework; includeInIndex = 0; path = Pods_PrivateRoom.framework; sourceTree = BUILT_PRODUCTS_DIR; };
		6FCDA5CC2DDC839482B705BB /* Pods-PrivateRoom.release.xcconfig */ = {isa = PBXFileReference; includeInIndex = 1; lastKnownFileType = text.xcconfig; name = "Pods-PrivateRoom.release.xcconfig"; path = "Target Support Files/Pods-PrivateRoom/Pods-PrivateRoom.release.xcconfig"; sourceTree = "<group>"; };
		8E003BD5264FB92700CB5802 /* FolderCollectionViewCell.swift */ = {isa = PBXFileReference; lastKnownFileType = sourcecode.swift; path = FolderCollectionViewCell.swift; sourceTree = "<group>"; };
		8E003BD6264FB92700CB5802 /* FolderCollectionViewCell.xib */ = {isa = PBXFileReference; lastKnownFileType = file.xib; path = FolderCollectionViewCell.xib; sourceTree = "<group>"; };
		8E1496C026C39584002090CA /* Timeout.storyboard */ = {isa = PBXFileReference; lastKnownFileType = file.storyboard; path = Timeout.storyboard; sourceTree = "<group>"; };
		8E1496C226C39616002090CA /* ViewNotiController.swift */ = {isa = PBXFileReference; lastKnownFileType = sourcecode.swift; path = ViewNotiController.swift; sourceTree = "<group>"; };
		8E1D604E26B9063600DF53FE /* PageViewController.swift */ = {isa = PBXFileReference; lastKnownFileType = sourcecode.swift; path = PageViewController.swift; sourceTree = "<group>"; };
		8E1D606B26B92BCC00DF53FE /* AlarmPushNotificationService.appex */ = {isa = PBXFileReference; explicitFileType = "wrapper.app-extension"; includeInIndex = 0; path = AlarmPushNotificationService.appex; sourceTree = BUILT_PRODUCTS_DIR; };
		8E1D606C26B92BCC00DF53FE /* UserNotifications.framework */ = {isa = PBXFileReference; lastKnownFileType = wrapper.framework; name = UserNotifications.framework; path = System/Library/Frameworks/UserNotifications.framework; sourceTree = SDKROOT; };
		8E1D606E26B92BCC00DF53FE /* UserNotificationsUI.framework */ = {isa = PBXFileReference; lastKnownFileType = wrapper.framework; name = UserNotificationsUI.framework; path = System/Library/Frameworks/UserNotificationsUI.framework; sourceTree = SDKROOT; };
		8E1D607126B92BCC00DF53FE /* NotificationViewController.swift */ = {isa = PBXFileReference; lastKnownFileType = sourcecode.swift; path = NotificationViewController.swift; sourceTree = "<group>"; };
		8E1D607426B92BCC00DF53FE /* Base */ = {isa = PBXFileReference; lastKnownFileType = file.storyboard; name = Base; path = Base.lproj/MainInterface.storyboard; sourceTree = "<group>"; };
		8E1D607626B92BCC00DF53FE /* Info.plist */ = {isa = PBXFileReference; lastKnownFileType = text.plist.xml; path = Info.plist; sourceTree = "<group>"; };
		8E1D607E26B92D0D00DF53FE /* UserDefaultKey.swift */ = {isa = PBXFileReference; lastKnownFileType = sourcecode.swift; path = UserDefaultKey.swift; sourceTree = "<group>"; };
		8E1D608026B9312000DF53FE /* PrivateRoom.entitlements */ = {isa = PBXFileReference; lastKnownFileType = text.plist.entitlements; path = PrivateRoom.entitlements; sourceTree = "<group>"; };
		8E2B834226A41F9F00AC2570 /* MakeNotiFolderView.swift */ = {isa = PBXFileReference; lastKnownFileType = sourcecode.swift; path = MakeNotiFolderView.swift; sourceTree = "<group>"; };
		8E2B834426A41FFA00AC2570 /* MakeNotiFolderView.xib */ = {isa = PBXFileReference; lastKnownFileType = file.xib; path = MakeNotiFolderView.xib; sourceTree = "<group>"; };
		8E2B834626A42DB100AC2570 /* TimeOutCollectionViewCell.swift */ = {isa = PBXFileReference; lastKnownFileType = sourcecode.swift; path = TimeOutCollectionViewCell.swift; sourceTree = "<group>"; };
		8E2B834726A42DB100AC2570 /* TimeOutCollectionViewCell.xib */ = {isa = PBXFileReference; lastKnownFileType = file.xib; path = TimeOutCollectionViewCell.xib; sourceTree = "<group>"; };
		8E2B834D26A7E14600AC2570 /* WriteViewController.swift */ = {isa = PBXFileReference; lastKnownFileType = sourcecode.swift; path = WriteViewController.swift; sourceTree = "<group>"; };
		8E2B834F26A7E9D800AC2570 /* LinkCollectionViewCell.swift */ = {isa = PBXFileReference; lastKnownFileType = sourcecode.swift; path = LinkCollectionViewCell.swift; sourceTree = "<group>"; };
		8E2B835026A7E9D800AC2570 /* LinkCollectionViewCell.xib */ = {isa = PBXFileReference; lastKnownFileType = file.xib; path = LinkCollectionViewCell.xib; sourceTree = "<group>"; };
		8E2B835426A95D0700AC2570 /* TextInViewController.swift */ = {isa = PBXFileReference; lastKnownFileType = sourcecode.swift; path = TextInViewController.swift; sourceTree = "<group>"; };
		8E2B835626AD2C8F00AC2570 /* TextCellTableViewCell.swift */ = {isa = PBXFileReference; lastKnownFileType = sourcecode.swift; path = TextCellTableViewCell.swift; sourceTree = "<group>"; };
		8E2B835726AD2C8F00AC2570 /* TextCellTableViewCell.xib */ = {isa = PBXFileReference; lastKnownFileType = file.xib; path = TextCellTableViewCell.xib; sourceTree = "<group>"; };
		8E2B835B26AD724400AC2570 /* LayoutTableViewCell.xib */ = {isa = PBXFileReference; lastKnownFileType = file.xib; path = LayoutTableViewCell.xib; sourceTree = "<group>"; };
		8E2B835E26ADD1D800AC2570 /* LinkInViewController.swift */ = {isa = PBXFileReference; lastKnownFileType = sourcecode.swift; path = LinkInViewController.swift; sourceTree = "<group>"; };
		8E2B836026AFDF5500AC2570 /* MakeLinkViewController.swift */ = {isa = PBXFileReference; lastKnownFileType = sourcecode.swift; path = MakeLinkViewController.swift; sourceTree = "<group>"; };
		8E5B805C26BD1EBC0030D4B9 /* UserProfileService.swift */ = {isa = PBXFileReference; lastKnownFileType = sourcecode.swift; path = UserProfileService.swift; sourceTree = "<group>"; };
		8E5B805F26BD20660030D4B9 /* GetProfileResponse.swift */ = {isa = PBXFileReference; lastKnownFileType = sourcecode.swift; path = GetProfileResponse.swift; sourceTree = "<group>"; };
		8E66D204269ED8DA00F48C26 /* AlarmViewController.swift */ = {isa = PBXFileReference; lastKnownFileType = sourcecode.swift; path = AlarmViewController.swift; sourceTree = "<group>"; };
		8E66D206269EDB6800F48C26 /* BookMarkViewController.swift */ = {isa = PBXFileReference; lastKnownFileType = sourcecode.swift; path = BookMarkViewController.swift; sourceTree = "<group>"; };
		8E66D208269EDC5800F48C26 /* TextBookViewController.swift */ = {isa = PBXFileReference; lastKnownFileType = sourcecode.swift; path = TextBookViewController.swift; sourceTree = "<group>"; };
		8E66D20A269EDC6A00F48C26 /* LinkBookViewController.swift */ = {isa = PBXFileReference; lastKnownFileType = sourcecode.swift; path = LinkBookViewController.swift; sourceTree = "<group>"; };
		8E66D20C269EE55500F48C26 /* CalendarTableViewCell.swift */ = {isa = PBXFileReference; lastKnownFileType = sourcecode.swift; path = CalendarTableViewCell.swift; sourceTree = "<group>"; };
		8E66D20D269EE55500F48C26 /* CalendarTableViewCell.xib */ = {isa = PBXFileReference; lastKnownFileType = file.xib; path = CalendarTableViewCell.xib; sourceTree = "<group>"; };
		8E66D210269EE94B00F48C26 /* DateUtil.swift */ = {isa = PBXFileReference; lastKnownFileType = sourcecode.swift; path = DateUtil.swift; sourceTree = "<group>"; };
		8E66D213269F3EA300F48C26 /* AddCalendarViewController.swift */ = {isa = PBXFileReference; lastKnownFileType = sourcecode.swift; path = AddCalendarViewController.swift; sourceTree = "<group>"; };
		8E66D216269F45D300F48C26 /* TitleAddTableViewCell.swift */ = {isa = PBXFileReference; lastKnownFileType = sourcecode.swift; path = TitleAddTableViewCell.swift; sourceTree = "<group>"; };
		8E66D217269F45D300F48C26 /* TitleAddTableViewCell.xib */ = {isa = PBXFileReference; lastKnownFileType = file.xib; path = TitleAddTableViewCell.xib; sourceTree = "<group>"; };
		8E66D21A269F45EE00F48C26 /* DateAddTableViewCell.swift */ = {isa = PBXFileReference; lastKnownFileType = sourcecode.swift; path = DateAddTableViewCell.swift; sourceTree = "<group>"; };
		8E66D21B269F45EE00F48C26 /* DateAddTableViewCell.xib */ = {isa = PBXFileReference; lastKnownFileType = file.xib; path = DateAddTableViewCell.xib; sourceTree = "<group>"; };
		8E66D21E269F460000F48C26 /* DateTimeTableViewCell.swift */ = {isa = PBXFileReference; lastKnownFileType = sourcecode.swift; path = DateTimeTableViewCell.swift; sourceTree = "<group>"; };
		8E66D21F269F460000F48C26 /* DateTimeTableViewCell.xib */ = {isa = PBXFileReference; lastKnownFileType = file.xib; path = DateTimeTableViewCell.xib; sourceTree = "<group>"; };
		8E66D22326A00BD700F48C26 /* AlarmTableViewCell.swift */ = {isa = PBXFileReference; lastKnownFileType = sourcecode.swift; path = AlarmTableViewCell.swift; sourceTree = "<group>"; };
		8E66D22426A00BD700F48C26 /* AlarmTableViewCell.xib */ = {isa = PBXFileReference; lastKnownFileType = file.xib; path = AlarmTableViewCell.xib; sourceTree = "<group>"; };
		8E66D22726A017C300F48C26 /* MakeAlarmViewController.swift */ = {isa = PBXFileReference; lastKnownFileType = sourcecode.swift; path = MakeAlarmViewController.swift; sourceTree = "<group>"; };
		8E70C1C1269196FC006F1D2C /* Extension.swift */ = {isa = PBXFileReference; lastKnownFileType = sourcecode.swift; path = Extension.swift; sourceTree = "<group>"; };
		8E70C1C3269199A6006F1D2C /* ProfileEditViewController.swift */ = {isa = PBXFileReference; lastKnownFileType = sourcecode.swift; path = ProfileEditViewController.swift; sourceTree = "<group>"; };
		8E70C1C62691A581006F1D2C /* IDInputTableViewCell.swift */ = {isa = PBXFileReference; lastKnownFileType = sourcecode.swift; path = IDInputTableViewCell.swift; sourceTree = "<group>"; };
		8E70C1C72691A581006F1D2C /* IDInputTableViewCell.xib */ = {isa = PBXFileReference; lastKnownFileType = file.xib; path = IDInputTableViewCell.xib; sourceTree = "<group>"; };
		8E782ACC2647D3A400D93D89 /* PrivateRoom.app */ = {isa = PBXFileReference; explicitFileType = wrapper.application; includeInIndex = 0; path = PrivateRoom.app; sourceTree = BUILT_PRODUCTS_DIR; };
		8E782ACF2647D3A400D93D89 /* AppDelegate.swift */ = {isa = PBXFileReference; lastKnownFileType = sourcecode.swift; path = AppDelegate.swift; sourceTree = "<group>"; };
		8E782AD12647D3A400D93D89 /* SceneDelegate.swift */ = {isa = PBXFileReference; lastKnownFileType = sourcecode.swift; path = SceneDelegate.swift; sourceTree = "<group>"; };
		8E782AD32647D3A400D93D89 /* ViewController.swift */ = {isa = PBXFileReference; lastKnownFileType = sourcecode.swift; path = ViewController.swift; sourceTree = "<group>"; };
		8E782AD62647D3A400D93D89 /* Base */ = {isa = PBXFileReference; lastKnownFileType = file.storyboard; name = Base; path = Base.lproj/Main.storyboard; sourceTree = "<group>"; };
		8E782AD92647D3A400D93D89 /* PrivateRoom.xcdatamodel */ = {isa = PBXFileReference; lastKnownFileType = wrapper.xcdatamodel; path = PrivateRoom.xcdatamodel; sourceTree = "<group>"; };
		8E782ADB2647D3AC00D93D89 /* Assets.xcassets */ = {isa = PBXFileReference; lastKnownFileType = folder.assetcatalog; path = Assets.xcassets; sourceTree = "<group>"; };
		8E782ADE2647D3AC00D93D89 /* Base */ = {isa = PBXFileReference; lastKnownFileType = file.storyboard; name = Base; path = Base.lproj/LaunchScreen.storyboard; sourceTree = "<group>"; };
		8E782AE02647D3AC00D93D89 /* Info.plist */ = {isa = PBXFileReference; lastKnownFileType = text.plist.xml; path = Info.plist; sourceTree = "<group>"; };
		8EA90B7B26C2541800469964 /* Calendar.storyboard */ = {isa = PBXFileReference; lastKnownFileType = file.storyboard; path = Calendar.storyboard; sourceTree = "<group>"; };
		8EA90B7D26C2A3CF00469964 /* ScheduleService.swift */ = {isa = PBXFileReference; lastKnownFileType = sourcecode.swift; path = ScheduleService.swift; sourceTree = "<group>"; };
		8EA90B8026C2A57D00469964 /* GetScheduleResponse.swift */ = {isa = PBXFileReference; lastKnownFileType = sourcecode.swift; path = GetScheduleResponse.swift; sourceTree = "<group>"; };
		8EA90B8226C2A6E600469964 /* PostScheduleRequest.swift */ = {isa = PBXFileReference; lastKnownFileType = sourcecode.swift; path = PostScheduleRequest.swift; sourceTree = "<group>"; };
		8EA90B8426C2A8BB00469964 /* EditScheduleRequest.swift */ = {isa = PBXFileReference; lastKnownFileType = sourcecode.swift; path = EditScheduleRequest.swift; sourceTree = "<group>"; };
		8EB54A6326C605FE009C7F7C /* FolderService.swift */ = {isa = PBXFileReference; lastKnownFileType = sourcecode.swift; path = FolderService.swift; sourceTree = "<group>"; };
		8EB54A6626C60775009C7F7C /* GetFolderResponse.swift */ = {isa = PBXFileReference; lastKnownFileType = sourcecode.swift; path = GetFolderResponse.swift; sourceTree = "<group>"; };
		8ED15EA6269996F0002943C9 /* SignInViewController.swift */ = {isa = PBXFileReference; lastKnownFileType = sourcecode.swift; path = SignInViewController.swift; sourceTree = "<group>"; };
		8ED15EA82699D687002943C9 /* FindIDViewController.swift */ = {isa = PBXFileReference; lastKnownFileType = sourcecode.swift; path = FindIDViewController.swift; sourceTree = "<group>"; };
		8ED15EAA2699DB7E002943C9 /* FindPWViewController.swift */ = {isa = PBXFileReference; lastKnownFileType = sourcecode.swift; path = FindPWViewController.swift; sourceTree = "<group>"; };
		8ED94266269D844900B860BF /* MakeFolder.xib */ = {isa = PBXFileReference; lastKnownFileType = file.xib; path = MakeFolder.xib; sourceTree = "<group>"; };
		8ED94268269D85C700B860BF /* MakeFolder.swift */ = {isa = PBXFileReference; lastKnownFileType = sourcecode.swift; path = MakeFolder.swift; sourceTree = "<group>"; };
		8EE69D6326484B4F00ED19B9 /* MainViewController.swift */ = {isa = PBXFileReference; lastKnownFileType = sourcecode.swift; path = MainViewController.swift; sourceTree = "<group>"; };
		8EE69D6526484B7D00ED19B9 /* TextViewController.swift */ = {isa = PBXFileReference; lastKnownFileType = sourcecode.swift; path = TextViewController.swift; sourceTree = "<group>"; };
		8EE69D6926484B9900ED19B9 /* LinkViewController.swift */ = {isa = PBXFileReference; lastKnownFileType = sourcecode.swift; path = LinkViewController.swift; sourceTree = "<group>"; };
		8EE69D6B26484BAA00ED19B9 /* NotiViewController.swift */ = {isa = PBXFileReference; lastKnownFileType = sourcecode.swift; path = NotiViewController.swift; sourceTree = "<group>"; };
		8EE69D6D26486B6E00ED19B9 /* ProfileViewController.swift */ = {isa = PBXFileReference; lastKnownFileType = sourcecode.swift; path = ProfileViewController.swift; sourceTree = "<group>"; };
		8EF00F0E2652BA9700AA1EEA /* Profile.storyboard */ = {isa = PBXFileReference; lastKnownFileType = file.storyboard; path = Profile.storyboard; sourceTree = "<group>"; };
		8EF00F10265390C800AA1EEA /* FolderViewController.swift */ = {isa = PBXFileReference; lastKnownFileType = sourcecode.swift; path = FolderViewController.swift; sourceTree = "<group>"; };
		8EF00F1226539C0100AA1EEA /* FolderInViewController.swift */ = {isa = PBXFileReference; lastKnownFileType = sourcecode.swift; path = FolderInViewController.swift; sourceTree = "<group>"; };
		8EF00F1526539CB300AA1EEA /* Model.swift */ = {isa = PBXFileReference; lastKnownFileType = sourcecode.swift; path = Model.swift; sourceTree = "<group>"; };
		8EF3BFA4268F61FE00415150 /* UserLoginServices.swift */ = {isa = PBXFileReference; lastKnownFileType = sourcecode.swift; path = UserLoginServices.swift; sourceTree = "<group>"; };
		8EF3BFA7268F627400415150 /* FolderViewModel.swift */ = {isa = PBXFileReference; lastKnownFileType = sourcecode.swift; path = FolderViewModel.swift; sourceTree = "<group>"; };
		8EF3BFA9268F641300415150 /* CalendarViewController.swift */ = {isa = PBXFileReference; lastKnownFileType = sourcecode.swift; path = CalendarViewController.swift; sourceTree = "<group>"; };
		8EF3BFAC268F677E00415150 /* LoginViewController.swift */ = {isa = PBXFileReference; lastKnownFileType = sourcecode.swift; path = LoginViewController.swift; sourceTree = "<group>"; };
		8EF3BFAE268F678D00415150 /* Login.storyboard */ = {isa = PBXFileReference; lastKnownFileType = file.storyboard; path = Login.storyboard; sourceTree = "<group>"; };
		8EFFBFBD26BC4FBD007C1868 /* SignUpRequest.swift */ = {isa = PBXFileReference; lastKnownFileType = sourcecode.swift; path = SignUpRequest.swift; sourceTree = "<group>"; };
		8EFFBFBF26BC4FD2007C1868 /* SignUpResponse.swift */ = {isa = PBXFileReference; lastKnownFileType = sourcecode.swift; path = SignUpResponse.swift; sourceTree = "<group>"; };
		8EFFBFC126BC5EEE007C1868 /* LoginRequest.swift */ = {isa = PBXFileReference; lastKnownFileType = sourcecode.swift; path = LoginRequest.swift; sourceTree = "<group>"; };
		8EFFBFC426BC5F0E007C1868 /* LoginResponse.swift */ = {isa = PBXFileReference; lastKnownFileType = sourcecode.swift; path = LoginResponse.swift; sourceTree = "<group>"; };
/* End PBXFileReference section */

/* Begin PBXFrameworksBuildPhase section */
		8E1D606826B92BCC00DF53FE /* Frameworks */ = {
			isa = PBXFrameworksBuildPhase;
			buildActionMask = 2147483647;
			files = (
				8E1D606F26B92BCC00DF53FE /* UserNotificationsUI.framework in Frameworks */,
				8E1D606D26B92BCC00DF53FE /* UserNotifications.framework in Frameworks */,
			);
			runOnlyForDeploymentPostprocessing = 0;
		};
		8E782AC92647D3A400D93D89 /* Frameworks */ = {
			isa = PBXFrameworksBuildPhase;
			buildActionMask = 2147483647;
			files = (
				AAC47C21F15A770385ECE65C /* Pods_PrivateRoom.framework in Frameworks */,
			);
			runOnlyForDeploymentPostprocessing = 0;
		};
/* End PBXFrameworksBuildPhase section */

/* Begin PBXGroup section */
		4DC061FE5DC5F6F65D3BB4E0 /* Pods */ = {
			isa = PBXGroup;
			children = (
				1FC203A57B3F8323CDD97235 /* Pods-PrivateRoom.debug.xcconfig */,
				6FCDA5CC2DDC839482B705BB /* Pods-PrivateRoom.release.xcconfig */,
			);
			path = Pods;
			sourceTree = "<group>";
		};
		8826930ABBF759B20E82CA9E /* Frameworks */ = {
			isa = PBXGroup;
			children = (
				575ACDD701EBBB7F03E428A0 /* Pods_PrivateRoom.framework */,
				8E1D606C26B92BCC00DF53FE /* UserNotifications.framework */,
				8E1D606E26B92BCC00DF53FE /* UserNotificationsUI.framework */,
			);
			name = Frameworks;
			sourceTree = "<group>";
		};
		8E1D607026B92BCC00DF53FE /* AlarmPushNotificationService */ = {
			isa = PBXGroup;
			children = (
				8E1D607126B92BCC00DF53FE /* NotificationViewController.swift */,
				8E1D607326B92BCC00DF53FE /* MainInterface.storyboard */,
				8E1D607626B92BCC00DF53FE /* Info.plist */,
			);
			path = AlarmPushNotificationService;
			sourceTree = "<group>";
		};
		8E2B833B26A41D5400AC2570 /* Alarm */ = {
			isa = PBXGroup;
			children = (
				8EE69D6B26484BAA00ED19B9 /* NotiViewController.swift */,
				8E2B834226A41F9F00AC2570 /* MakeNotiFolderView.swift */,
				8E2B834426A41FFA00AC2570 /* MakeNotiFolderView.xib */,
				8E2B834626A42DB100AC2570 /* TimeOutCollectionViewCell.swift */,
				8E2B834726A42DB100AC2570 /* TimeOutCollectionViewCell.xib */,
				8E1496C226C39616002090CA /* ViewNotiController.swift */,
			);
			path = Alarm;
			sourceTree = "<group>";
		};
		8E2B834A26A462E500AC2570 /* Main */ = {
			isa = PBXGroup;
			children = (
				8ED94266269D844900B860BF /* MakeFolder.xib */,
				8ED94268269D85C700B860BF /* MakeFolder.swift */,
				8EE69D6326484B4F00ED19B9 /* MainViewController.swift */,
			);
			path = Main;
			sourceTree = "<group>";
		};
		8E2B834B26A7D97300AC2570 /* Text */ = {
			isa = PBXGroup;
			children = (
				8EE69D6526484B7D00ED19B9 /* TextViewController.swift */,
				8E2B834D26A7E14600AC2570 /* WriteViewController.swift */,
				8E2B835426A95D0700AC2570 /* TextInViewController.swift */,
				8E2B835626AD2C8F00AC2570 /* TextCellTableViewCell.swift */,
				8E2B835726AD2C8F00AC2570 /* TextCellTableViewCell.xib */,
				8E2B835B26AD724400AC2570 /* LayoutTableViewCell.xib */,
			);
			path = Text;
			sourceTree = "<group>";
		};
		8E2B834C26A7DF1800AC2570 /* Link */ = {
			isa = PBXGroup;
			children = (
				8EE69D6926484B9900ED19B9 /* LinkViewController.swift */,
				8E2B834F26A7E9D800AC2570 /* LinkCollectionViewCell.swift */,
				8E2B835026A7E9D800AC2570 /* LinkCollectionViewCell.xib */,
				8E2B835E26ADD1D800AC2570 /* LinkInViewController.swift */,
				8E2B836026AFDF5500AC2570 /* MakeLinkViewController.swift */,
			);
			path = Link;
			sourceTree = "<group>";
		};
		8E5B805E26BD20480030D4B9 /* UserProfile */ = {
			isa = PBXGroup;
			children = (
				8E5B805F26BD20660030D4B9 /* GetProfileResponse.swift */,
			);
			path = UserProfile;
			sourceTree = "<group>";
		};
		8E66D212269F3E8700F48C26 /* Calendar */ = {
			isa = PBXGroup;
			children = (
				8E66D215269F45B900F48C26 /* AddCell */,
				8EF3BFA9268F641300415150 /* CalendarViewController.swift */,
				8E66D213269F3EA300F48C26 /* AddCalendarViewController.swift */,
				8E66D22726A017C300F48C26 /* MakeAlarmViewController.swift */,
			);
			path = Calendar;
			sourceTree = "<group>";
		};
		8E66D215269F45B900F48C26 /* AddCell */ = {
			isa = PBXGroup;
			children = (
				8E66D216269F45D300F48C26 /* TitleAddTableViewCell.swift */,
				8E66D217269F45D300F48C26 /* TitleAddTableViewCell.xib */,
				8E66D21A269F45EE00F48C26 /* DateAddTableViewCell.swift */,
				8E66D21B269F45EE00F48C26 /* DateAddTableViewCell.xib */,
				8E66D21E269F460000F48C26 /* DateTimeTableViewCell.swift */,
				8E66D21F269F460000F48C26 /* DateTimeTableViewCell.xib */,
				8E66D22326A00BD700F48C26 /* AlarmTableViewCell.swift */,
				8E66D22426A00BD700F48C26 /* AlarmTableViewCell.xib */,
			);
			path = AddCell;
			sourceTree = "<group>";
		};
		8E70C1C0269196EA006F1D2C /* Utils */ = {
			isa = PBXGroup;
			children = (
				8E70C1C1269196FC006F1D2C /* Extension.swift */,
				8E66D210269EE94B00F48C26 /* DateUtil.swift */,
				8E1D607E26B92D0D00DF53FE /* UserDefaultKey.swift */,
			);
			path = Utils;
			sourceTree = "<group>";
		};
		8E70C1C526919A32006F1D2C /* Profile */ = {
			isa = PBXGroup;
			children = (
				8E70C1C3269199A6006F1D2C /* ProfileEditViewController.swift */,
				8EE69D6D26486B6E00ED19B9 /* ProfileViewController.swift */,
				8E66D204269ED8DA00F48C26 /* AlarmViewController.swift */,
				8E66D206269EDB6800F48C26 /* BookMarkViewController.swift */,
				8E66D208269EDC5800F48C26 /* TextBookViewController.swift */,
				8E66D20A269EDC6A00F48C26 /* LinkBookViewController.swift */,
			);
			path = Profile;
			sourceTree = "<group>";
		};
		8E782AC32647D3A400D93D89 = {
			isa = PBXGroup;
			children = (
				8E782ACE2647D3A400D93D89 /* PrivateRoom */,
				8E1D607026B92BCC00DF53FE /* AlarmPushNotificationService */,
				8E782ACD2647D3A400D93D89 /* Products */,
				4DC061FE5DC5F6F65D3BB4E0 /* Pods */,
				8826930ABBF759B20E82CA9E /* Frameworks */,
			);
			sourceTree = "<group>";
		};
		8E782ACD2647D3A400D93D89 /* Products */ = {
			isa = PBXGroup;
			children = (
				8E782ACC2647D3A400D93D89 /* PrivateRoom.app */,
				8E1D606B26B92BCC00DF53FE /* AlarmPushNotificationService.appex */,
			);
			name = Products;
			sourceTree = "<group>";
		};
		8E782ACE2647D3A400D93D89 /* PrivateRoom */ = {
			isa = PBXGroup;
			children = (
				8E1D608026B9312000DF53FE /* PrivateRoom.entitlements */,
				8E70C1C0269196EA006F1D2C /* Utils */,
				8EF3BFA6268F625B00415150 /* ViewModels */,
				8EF3BFA3268F61C900415150 /* Services */,
				8EF3BFA2268F5FC300415150 /* Cells */,
				8EF3BFA1268F5DD200415150 /* Controllers */,
				8EF00F1426539C9200AA1EEA /* Models */,
				8EF00F0B2652BA1E00AA1EEA /* storyBoard */,
				8E782ACF2647D3A400D93D89 /* AppDelegate.swift */,
				8E782AD12647D3A400D93D89 /* SceneDelegate.swift */,
				8E782ADB2647D3AC00D93D89 /* Assets.xcassets */,
				8E782AE02647D3AC00D93D89 /* Info.plist */,
				8E782AD82647D3A400D93D89 /* PrivateRoom.xcdatamodeld */,
			);
			path = PrivateRoom;
			sourceTree = "<group>";
		};
		8EA90B7F26C2A56F00469964 /* Schedule */ = {
			isa = PBXGroup;
			children = (
				8EA90B8026C2A57D00469964 /* GetScheduleResponse.swift */,
				8EA90B8226C2A6E600469964 /* PostScheduleRequest.swift */,
				8EA90B8426C2A8BB00469964 /* EditScheduleRequest.swift */,
			);
			path = Schedule;
			sourceTree = "<group>";
		};
		8EB54A6526C60751009C7F7C /* Folder */ = {
			isa = PBXGroup;
			children = (
				8EB54A6626C60775009C7F7C /* GetFolderResponse.swift */,
			);
			path = Folder;
			sourceTree = "<group>";
		};
		8EF00F0B2652BA1E00AA1EEA /* storyBoard */ = {
			isa = PBXGroup;
			children = (
				8E782AD52647D3A400D93D89 /* Main.storyboard */,
				8E782ADD2647D3AC00D93D89 /* LaunchScreen.storyboard */,
				8EF00F0E2652BA9700AA1EEA /* Profile.storyboard */,
				8EF3BFAE268F678D00415150 /* Login.storyboard */,
				8EA90B7B26C2541800469964 /* Calendar.storyboard */,
				8E1496C026C39584002090CA /* Timeout.storyboard */,
			);
			path = storyBoard;
			sourceTree = "<group>";
		};
		8EF00F1426539C9200AA1EEA /* Models */ = {
			isa = PBXGroup;
			children = (
				8EB54A6526C60751009C7F7C /* Folder */,
				8EA90B7F26C2A56F00469964 /* Schedule */,
				8E5B805E26BD20480030D4B9 /* UserProfile */,
				8EFFBFBC26BC4F8A007C1868 /* User */,
				8EF00F1526539CB300AA1EEA /* Model.swift */,
			);
			path = Models;
			sourceTree = "<group>";
		};
		8EF3BFA1268F5DD200415150 /* Controllers */ = {
			isa = PBXGroup;
			children = (
				8E2B834C26A7DF1800AC2570 /* Link */,
				8E2B834B26A7D97300AC2570 /* Text */,
				8E782AD32647D3A400D93D89 /* ViewController.swift */,
				8E2B834A26A462E500AC2570 /* Main */,
				8E2B833B26A41D5400AC2570 /* Alarm */,
				8E66D212269F3E8700F48C26 /* Calendar */,
				8E70C1C526919A32006F1D2C /* Profile */,
				8EF3BFAB268F675C00415150 /* Login */,
				8EF00F1226539C0100AA1EEA /* FolderInViewController.swift */,
				8EF00F10265390C800AA1EEA /* FolderViewController.swift */,
				8E1D604E26B9063600DF53FE /* PageViewController.swift */,
			);
			path = Controllers;
			sourceTree = "<group>";
		};
		8EF3BFA2268F5FC300415150 /* Cells */ = {
			isa = PBXGroup;
			children = (
				8E003BD6264FB92700CB5802 /* FolderCollectionViewCell.xib */,
				8E003BD5264FB92700CB5802 /* FolderCollectionViewCell.swift */,
				8E70C1C72691A581006F1D2C /* IDInputTableViewCell.xib */,
				8E70C1C62691A581006F1D2C /* IDInputTableViewCell.swift */,
				8E66D20C269EE55500F48C26 /* CalendarTableViewCell.swift */,
				8E66D20D269EE55500F48C26 /* CalendarTableViewCell.xib */,
			);
			path = Cells;
			sourceTree = "<group>";
		};
		8EF3BFA3268F61C900415150 /* Services */ = {
			isa = PBXGroup;
			children = (
				8EF3BFA4268F61FE00415150 /* UserLoginServices.swift */,
				8E5B805C26BD1EBC0030D4B9 /* UserProfileService.swift */,
				8EA90B7D26C2A3CF00469964 /* ScheduleService.swift */,
				8EB54A6326C605FE009C7F7C /* FolderService.swift */,
			);
			path = Services;
			sourceTree = "<group>";
		};
		8EF3BFA6268F625B00415150 /* ViewModels */ = {
			isa = PBXGroup;
			children = (
				8EF3BFA7268F627400415150 /* FolderViewModel.swift */,
			);
			path = ViewModels;
			sourceTree = "<group>";
		};
		8EF3BFAB268F675C00415150 /* Login */ = {
			isa = PBXGroup;
			children = (
				8EF3BFAC268F677E00415150 /* LoginViewController.swift */,
				8ED15EA6269996F0002943C9 /* SignInViewController.swift */,
				8ED15EA82699D687002943C9 /* FindIDViewController.swift */,
				8ED15EAA2699DB7E002943C9 /* FindPWViewController.swift */,
			);
			path = Login;
			sourceTree = "<group>";
		};
		8EFFBFBC26BC4F8A007C1868 /* User */ = {
			isa = PBXGroup;
			children = (
				8EFFBFBD26BC4FBD007C1868 /* SignUpRequest.swift */,
				8EFFBFBF26BC4FD2007C1868 /* SignUpResponse.swift */,
				8EFFBFC126BC5EEE007C1868 /* LoginRequest.swift */,
				8EFFBFC426BC5F0E007C1868 /* LoginResponse.swift */,
			);
			path = User;
			sourceTree = "<group>";
		};
/* End PBXGroup section */

/* Begin PBXNativeTarget section */
		8E1D606A26B92BCC00DF53FE /* AlarmPushNotificationService */ = {
			isa = PBXNativeTarget;
			buildConfigurationList = 8E1D607A26B92BCC00DF53FE /* Build configuration list for PBXNativeTarget "AlarmPushNotificationService" */;
			buildPhases = (
				8E1D606726B92BCC00DF53FE /* Sources */,
				8E1D606826B92BCC00DF53FE /* Frameworks */,
				8E1D606926B92BCC00DF53FE /* Resources */,
			);
			buildRules = (
			);
			dependencies = (
			);
			name = AlarmPushNotificationService;
			productName = AlarmPushNotificationService;
			productReference = 8E1D606B26B92BCC00DF53FE /* AlarmPushNotificationService.appex */;
			productType = "com.apple.product-type.app-extension";
		};
		8E782ACB2647D3A400D93D89 /* PrivateRoom */ = {
			isa = PBXNativeTarget;
			buildConfigurationList = 8E782AE32647D3AC00D93D89 /* Build configuration list for PBXNativeTarget "PrivateRoom" */;
			buildPhases = (
				53E614C8769EDD5039A0AA8F /* [CP] Check Pods Manifest.lock */,
				8E782AC82647D3A400D93D89 /* Sources */,
				8E782AC92647D3A400D93D89 /* Frameworks */,
				8E782ACA2647D3A400D93D89 /* Resources */,
				F95E48F12E71D7A02411D13C /* [CP] Embed Pods Frameworks */,
				8E1D607D26B92BCC00DF53FE /* Embed App Extensions */,
			);
			buildRules = (
			);
			dependencies = (
				8E1D607826B92BCC00DF53FE /* PBXTargetDependency */,
			);
			name = PrivateRoom;
			productName = PrivateRoom;
			productReference = 8E782ACC2647D3A400D93D89 /* PrivateRoom.app */;
			productType = "com.apple.product-type.application";
		};
/* End PBXNativeTarget section */

/* Begin PBXProject section */
		8E782AC42647D3A400D93D89 /* Project object */ = {
			isa = PBXProject;
			attributes = {
				LastSwiftUpdateCheck = 1250;
				LastUpgradeCheck = 1240;
				TargetAttributes = {
					8E1D606A26B92BCC00DF53FE = {
						CreatedOnToolsVersion = 12.5.1;
					};
					8E782ACB2647D3A400D93D89 = {
						CreatedOnToolsVersion = 12.4;
					};
				};
			};
			buildConfigurationList = 8E782AC72647D3A400D93D89 /* Build configuration list for PBXProject "PrivateRoom" */;
			compatibilityVersion = "Xcode 9.3";
			developmentRegion = en;
			hasScannedForEncodings = 0;
			knownRegions = (
				en,
				Base,
			);
			mainGroup = 8E782AC32647D3A400D93D89;
			productRefGroup = 8E782ACD2647D3A400D93D89 /* Products */;
			projectDirPath = "";
			projectRoot = "";
			targets = (
				8E782ACB2647D3A400D93D89 /* PrivateRoom */,
				8E1D606A26B92BCC00DF53FE /* AlarmPushNotificationService */,
			);
		};
/* End PBXProject section */

/* Begin PBXResourcesBuildPhase section */
		8E1D606926B92BCC00DF53FE /* Resources */ = {
			isa = PBXResourcesBuildPhase;
			buildActionMask = 2147483647;
			files = (
				8E1D607526B92BCC00DF53FE /* MainInterface.storyboard in Resources */,
			);
			runOnlyForDeploymentPostprocessing = 0;
		};
		8E782ACA2647D3A400D93D89 /* Resources */ = {
			isa = PBXResourcesBuildPhase;
			buildActionMask = 2147483647;
			files = (
				8E2B835226A7E9D800AC2570 /* LinkCollectionViewCell.xib in Resources */,
				8E66D22626A00BD800F48C26 /* AlarmTableViewCell.xib in Resources */,
				8EF00F0F2652BA9800AA1EEA /* Profile.storyboard in Resources */,
				8E66D21D269F45EE00F48C26 /* DateAddTableViewCell.xib in Resources */,
				8E66D221269F460000F48C26 /* DateTimeTableViewCell.xib in Resources */,
				8E66D20F269EE55500F48C26 /* CalendarTableViewCell.xib in Resources */,
				8ED94267269D844900B860BF /* MakeFolder.xib in Resources */,
				8E2B834926A42DB200AC2570 /* TimeOutCollectionViewCell.xib in Resources */,
				8E2B834526A41FFA00AC2570 /* MakeNotiFolderView.xib in Resources */,
				8E003BD8264FB92700CB5802 /* FolderCollectionViewCell.xib in Resources */,
				8EF3BFAF268F678D00415150 /* Login.storyboard in Resources */,
				8E2B835926AD2C9000AC2570 /* TextCellTableViewCell.xib in Resources */,
				8E782ADF2647D3AC00D93D89 /* LaunchScreen.storyboard in Resources */,
				8E2B835D26AD724600AC2570 /* LayoutTableViewCell.xib in Resources */,
				8E782ADC2647D3AC00D93D89 /* Assets.xcassets in Resources */,
				8E70C1C92691A581006F1D2C /* IDInputTableViewCell.xib in Resources */,
				8E1496C126C39584002090CA /* Timeout.storyboard in Resources */,
				8EA90B7C26C2541800469964 /* Calendar.storyboard in Resources */,
				8E66D219269F45D300F48C26 /* TitleAddTableViewCell.xib in Resources */,
				8E782AD72647D3A400D93D89 /* Main.storyboard in Resources */,
			);
			runOnlyForDeploymentPostprocessing = 0;
		};
/* End PBXResourcesBuildPhase section */

/* Begin PBXShellScriptBuildPhase section */
		53E614C8769EDD5039A0AA8F /* [CP] Check Pods Manifest.lock */ = {
			isa = PBXShellScriptBuildPhase;
			buildActionMask = 2147483647;
			files = (
			);
			inputFileListPaths = (
			);
			inputPaths = (
				"${PODS_PODFILE_DIR_PATH}/Podfile.lock",
				"${PODS_ROOT}/Manifest.lock",
			);
			name = "[CP] Check Pods Manifest.lock";
			outputFileListPaths = (
			);
			outputPaths = (
				"$(DERIVED_FILE_DIR)/Pods-PrivateRoom-checkManifestLockResult.txt",
			);
			runOnlyForDeploymentPostprocessing = 0;
			shellPath = /bin/sh;
			shellScript = "diff \"${PODS_PODFILE_DIR_PATH}/Podfile.lock\" \"${PODS_ROOT}/Manifest.lock\" > /dev/null\nif [ $? != 0 ] ; then\n    # print error to STDERR\n    echo \"error: The sandbox is not in sync with the Podfile.lock. Run 'pod install' or update your CocoaPods installation.\" >&2\n    exit 1\nfi\n# This output is used by Xcode 'outputs' to avoid re-running this script phase.\necho \"SUCCESS\" > \"${SCRIPT_OUTPUT_FILE_0}\"\n";
			showEnvVarsInLog = 0;
		};
		F95E48F12E71D7A02411D13C /* [CP] Embed Pods Frameworks */ = {
			isa = PBXShellScriptBuildPhase;
			buildActionMask = 2147483647;
			files = (
			);
			inputFileListPaths = (
				"${PODS_ROOT}/Target Support Files/Pods-PrivateRoom/Pods-PrivateRoom-frameworks-${CONFIGURATION}-input-files.xcfilelist",
			);
			name = "[CP] Embed Pods Frameworks";
			outputFileListPaths = (
				"${PODS_ROOT}/Target Support Files/Pods-PrivateRoom/Pods-PrivateRoom-frameworks-${CONFIGURATION}-output-files.xcfilelist",
			);
			runOnlyForDeploymentPostprocessing = 0;
			shellPath = /bin/sh;
			shellScript = "\"${PODS_ROOT}/Target Support Files/Pods-PrivateRoom/Pods-PrivateRoom-frameworks.sh\"\n";
			showEnvVarsInLog = 0;
		};
/* End PBXShellScriptBuildPhase section */

/* Begin PBXSourcesBuildPhase section */
		8E1D606726B92BCC00DF53FE /* Sources */ = {
			isa = PBXSourcesBuildPhase;
			buildActionMask = 2147483647;
			files = (
				8E1D607226B92BCC00DF53FE /* NotificationViewController.swift in Sources */,
			);
			runOnlyForDeploymentPostprocessing = 0;
		};
		8E782AC82647D3A400D93D89 /* Sources */ = {
			isa = PBXSourcesBuildPhase;
			buildActionMask = 2147483647;
			files = (
				8EF3BFAA268F641300415150 /* CalendarViewController.swift in Sources */,
				8E70C1C4269199A6006F1D2C /* ProfileEditViewController.swift in Sources */,
				8EE69D6A26484B9900ED19B9 /* LinkViewController.swift in Sources */,
				8E782ADA2647D3A400D93D89 /* PrivateRoom.xcdatamodeld in Sources */,
				8E2B835126A7E9D800AC2570 /* LinkCollectionViewCell.swift in Sources */,
				8E1496C326C39616002090CA /* ViewNotiController.swift in Sources */,
				8E66D218269F45D300F48C26 /* TitleAddTableViewCell.swift in Sources */,
				8E66D22526A00BD800F48C26 /* AlarmTableViewCell.swift in Sources */,
				8E66D22826A017C300F48C26 /* MakeAlarmViewController.swift in Sources */,
				8EF3BFA5268F61FE00415150 /* UserLoginServices.swift in Sources */,
				8EE69D6E26486B6E00ED19B9 /* ProfileViewController.swift in Sources */,
				8E2B836126AFDF5600AC2570 /* MakeLinkViewController.swift in Sources */,
				8EF00F1326539C0100AA1EEA /* FolderInViewController.swift in Sources */,
				8EA90B8326C2A6E600469964 /* PostScheduleRequest.swift in Sources */,
				8EF3BFA8268F627400415150 /* FolderViewModel.swift in Sources */,
				8E782AD42647D3A400D93D89 /* ViewController.swift in Sources */,
				8EFFBFC526BC5F0E007C1868 /* LoginResponse.swift in Sources */,
				8EA90B8526C2A8BB00469964 /* EditScheduleRequest.swift in Sources */,
				8E5B806026BD20660030D4B9 /* GetProfileResponse.swift in Sources */,
				8E782AD02647D3A400D93D89 /* AppDelegate.swift in Sources */,
				8E70C1C2269196FC006F1D2C /* Extension.swift in Sources */,
				8EA90B8126C2A57D00469964 /* GetScheduleResponse.swift in Sources */,
				8EF00F1626539CB300AA1EEA /* Model.swift in Sources */,
				8E782AD22647D3A400D93D89 /* SceneDelegate.swift in Sources */,
				8ED94269269D85C700B860BF /* MakeFolder.swift in Sources */,
				8EB54A6426C605FE009C7F7C /* FolderService.swift in Sources */,
				8E66D209269EDC5800F48C26 /* TextBookViewController.swift in Sources */,
				8E2B834E26A7E14600AC2570 /* WriteViewController.swift in Sources */,
				8E2B835826AD2C8F00AC2570 /* TextCellTableViewCell.swift in Sources */,
				8E66D20E269EE55500F48C26 /* CalendarTableViewCell.swift in Sources */,
				8E66D214269F3EA300F48C26 /* AddCalendarViewController.swift in Sources */,
				8E66D220269F460000F48C26 /* DateTimeTableViewCell.swift in Sources */,
				8E5B805D26BD1EBD0030D4B9 /* UserProfileService.swift in Sources */,
				8E70C1C82691A581006F1D2C /* IDInputTableViewCell.swift in Sources */,
				8E2B835526A95D0700AC2570 /* TextInViewController.swift in Sources */,
				8E2B834326A41F9F00AC2570 /* MakeNotiFolderView.swift in Sources */,
				8EFFBFBE26BC4FBD007C1868 /* SignUpRequest.swift in Sources */,
				8EFFBFC026BC4FD2007C1868 /* SignUpResponse.swift in Sources */,
				8E1D604F26B9063600DF53FE /* PageViewController.swift in Sources */,
				8E2B835F26ADD1DA00AC2570 /* LinkInViewController.swift in Sources */,
				8E66D21C269F45EE00F48C26 /* DateAddTableViewCell.swift in Sources */,
				8EFFBFC226BC5EEE007C1868 /* LoginRequest.swift in Sources */,
				8E2B834826A42DB200AC2570 /* TimeOutCollectionViewCell.swift in Sources */,
				8E66D205269ED8DB00F48C26 /* AlarmViewController.swift in Sources */,
				8E66D207269EDB6800F48C26 /* BookMarkViewController.swift in Sources */,
				8EB54A6726C60775009C7F7C /* GetFolderResponse.swift in Sources */,
				8ED15EA92699D687002943C9 /* FindIDViewController.swift in Sources */,
				8ED15EA7269996F1002943C9 /* SignInViewController.swift in Sources */,
				8E66D211269EE94B00F48C26 /* DateUtil.swift in Sources */,
				8EE69D6426484B4F00ED19B9 /* MainViewController.swift in Sources */,
				8E1D607F26B92D0D00DF53FE /* UserDefaultKey.swift in Sources */,
				8EF00F11265390C900AA1EEA /* FolderViewController.swift in Sources */,
				8EF3BFAD268F677E00415150 /* LoginViewController.swift in Sources */,
				8EA90B7E26C2A3CF00469964 /* ScheduleService.swift in Sources */,
				8EE69D6626484B7D00ED19B9 /* TextViewController.swift in Sources */,
				8ED15EAB2699DB7E002943C9 /* FindPWViewController.swift in Sources */,
				8EE69D6C26484BAA00ED19B9 /* NotiViewController.swift in Sources */,
				8E003BD7264FB92700CB5802 /* FolderCollectionViewCell.swift in Sources */,
				8E66D20B269EDC6A00F48C26 /* LinkBookViewController.swift in Sources */,
			);
			runOnlyForDeploymentPostprocessing = 0;
		};
/* End PBXSourcesBuildPhase section */

/* Begin PBXTargetDependency section */
		8E1D607826B92BCC00DF53FE /* PBXTargetDependency */ = {
			isa = PBXTargetDependency;
			target = 8E1D606A26B92BCC00DF53FE /* AlarmPushNotificationService */;
			targetProxy = 8E1D607726B92BCC00DF53FE /* PBXContainerItemProxy */;
		};
/* End PBXTargetDependency section */

/* Begin PBXVariantGroup section */
		8E1D607326B92BCC00DF53FE /* MainInterface.storyboard */ = {
			isa = PBXVariantGroup;
			children = (
				8E1D607426B92BCC00DF53FE /* Base */,
			);
			name = MainInterface.storyboard;
			sourceTree = "<group>";
		};
		8E782AD52647D3A400D93D89 /* Main.storyboard */ = {
			isa = PBXVariantGroup;
			children = (
				8E782AD62647D3A400D93D89 /* Base */,
			);
			name = Main.storyboard;
			sourceTree = "<group>";
		};
		8E782ADD2647D3AC00D93D89 /* LaunchScreen.storyboard */ = {
			isa = PBXVariantGroup;
			children = (
				8E782ADE2647D3AC00D93D89 /* Base */,
			);
			name = LaunchScreen.storyboard;
			sourceTree = "<group>";
		};
/* End PBXVariantGroup section */

/* Begin XCBuildConfiguration section */
		8E1D607B26B92BCC00DF53FE /* Debug */ = {
			isa = XCBuildConfiguration;
			buildSettings = {
				CODE_SIGN_STYLE = Automatic;
				DEVELOPMENT_TEAM = FJ57DUH592;
				INFOPLIST_FILE = AlarmPushNotificationService/Info.plist;
				IPHONEOS_DEPLOYMENT_TARGET = 14.5;
				LD_RUNPATH_SEARCH_PATHS = (
					"$(inherited)",
					"@executable_path/Frameworks",
					"@executable_path/../../Frameworks",
				);
				PRODUCT_BUNDLE_IDENTIFIER = Develop.PrivateRoom.AlarmPushNotificationService;
				PRODUCT_NAME = "$(TARGET_NAME)";
				SKIP_INSTALL = YES;
				SWIFT_VERSION = 5.0;
				TARGETED_DEVICE_FAMILY = "1,2";
			};
			name = Debug;
		};
		8E1D607C26B92BCC00DF53FE /* Release */ = {
			isa = XCBuildConfiguration;
			buildSettings = {
				CODE_SIGN_STYLE = Automatic;
				DEVELOPMENT_TEAM = FJ57DUH592;
				INFOPLIST_FILE = AlarmPushNotificationService/Info.plist;
				IPHONEOS_DEPLOYMENT_TARGET = 14.5;
				LD_RUNPATH_SEARCH_PATHS = (
					"$(inherited)",
					"@executable_path/Frameworks",
					"@executable_path/../../Frameworks",
				);
				PRODUCT_BUNDLE_IDENTIFIER = Develop.PrivateRoom.AlarmPushNotificationService;
				PRODUCT_NAME = "$(TARGET_NAME)";
				SKIP_INSTALL = YES;
				SWIFT_VERSION = 5.0;
				TARGETED_DEVICE_FAMILY = "1,2";
			};
			name = Release;
		};
		8E782AE12647D3AC00D93D89 /* Debug */ = {
			isa = XCBuildConfiguration;
			buildSettings = {
				ALWAYS_SEARCH_USER_PATHS = NO;
				CLANG_ANALYZER_NONNULL = YES;
				CLANG_ANALYZER_NUMBER_OBJECT_CONVERSION = YES_AGGRESSIVE;
				CLANG_CXX_LANGUAGE_STANDARD = "gnu++14";
				CLANG_CXX_LIBRARY = "libc++";
				CLANG_ENABLE_MODULES = YES;
				CLANG_ENABLE_OBJC_ARC = YES;
				CLANG_ENABLE_OBJC_WEAK = YES;
				CLANG_WARN_BLOCK_CAPTURE_AUTORELEASING = YES;
				CLANG_WARN_BOOL_CONVERSION = YES;
				CLANG_WARN_COMMA = YES;
				CLANG_WARN_CONSTANT_CONVERSION = YES;
				CLANG_WARN_DEPRECATED_OBJC_IMPLEMENTATIONS = YES;
				CLANG_WARN_DIRECT_OBJC_ISA_USAGE = YES_ERROR;
				CLANG_WARN_DOCUMENTATION_COMMENTS = YES;
				CLANG_WARN_EMPTY_BODY = YES;
				CLANG_WARN_ENUM_CONVERSION = YES;
				CLANG_WARN_INFINITE_RECURSION = YES;
				CLANG_WARN_INT_CONVERSION = YES;
				CLANG_WARN_NON_LITERAL_NULL_CONVERSION = YES;
				CLANG_WARN_OBJC_IMPLICIT_RETAIN_SELF = YES;
				CLANG_WARN_OBJC_LITERAL_CONVERSION = YES;
				CLANG_WARN_OBJC_ROOT_CLASS = YES_ERROR;
				CLANG_WARN_QUOTED_INCLUDE_IN_FRAMEWORK_HEADER = YES;
				CLANG_WARN_RANGE_LOOP_ANALYSIS = YES;
				CLANG_WARN_STRICT_PROTOTYPES = YES;
				CLANG_WARN_SUSPICIOUS_MOVE = YES;
				CLANG_WARN_UNGUARDED_AVAILABILITY = YES_AGGRESSIVE;
				CLANG_WARN_UNREACHABLE_CODE = YES;
				CLANG_WARN__DUPLICATE_METHOD_MATCH = YES;
				COPY_PHASE_STRIP = NO;
				DEBUG_INFORMATION_FORMAT = dwarf;
				ENABLE_STRICT_OBJC_MSGSEND = YES;
				ENABLE_TESTABILITY = YES;
				FRAMEWORK_SEARCH_PATHS = "";
				GCC_C_LANGUAGE_STANDARD = gnu11;
				GCC_DYNAMIC_NO_PIC = NO;
				GCC_NO_COMMON_BLOCKS = YES;
				GCC_OPTIMIZATION_LEVEL = 0;
				GCC_PREPROCESSOR_DEFINITIONS = (
					"DEBUG=1",
					"$(inherited)",
				);
				GCC_WARN_64_TO_32_BIT_CONVERSION = YES;
				GCC_WARN_ABOUT_RETURN_TYPE = YES_ERROR;
				GCC_WARN_UNDECLARED_SELECTOR = YES;
				GCC_WARN_UNINITIALIZED_AUTOS = YES_AGGRESSIVE;
				GCC_WARN_UNUSED_FUNCTION = YES;
				GCC_WARN_UNUSED_VARIABLE = YES;
				IPHONEOS_DEPLOYMENT_TARGET = 14.3;
				MTL_ENABLE_DEBUG_INFO = INCLUDE_SOURCE;
				MTL_FAST_MATH = YES;
				ONLY_ACTIVE_ARCH = YES;
				SDKROOT = iphoneos;
				SWIFT_ACTIVE_COMPILATION_CONDITIONS = DEBUG;
				SWIFT_OPTIMIZATION_LEVEL = "-Onone";
			};
			name = Debug;
		};
		8E782AE22647D3AC00D93D89 /* Release */ = {
			isa = XCBuildConfiguration;
			buildSettings = {
				ALWAYS_SEARCH_USER_PATHS = NO;
				CLANG_ANALYZER_NONNULL = YES;
				CLANG_ANALYZER_NUMBER_OBJECT_CONVERSION = YES_AGGRESSIVE;
				CLANG_CXX_LANGUAGE_STANDARD = "gnu++14";
				CLANG_CXX_LIBRARY = "libc++";
				CLANG_ENABLE_MODULES = YES;
				CLANG_ENABLE_OBJC_ARC = YES;
				CLANG_ENABLE_OBJC_WEAK = YES;
				CLANG_WARN_BLOCK_CAPTURE_AUTORELEASING = YES;
				CLANG_WARN_BOOL_CONVERSION = YES;
				CLANG_WARN_COMMA = YES;
				CLANG_WARN_CONSTANT_CONVERSION = YES;
				CLANG_WARN_DEPRECATED_OBJC_IMPLEMENTATIONS = YES;
				CLANG_WARN_DIRECT_OBJC_ISA_USAGE = YES_ERROR;
				CLANG_WARN_DOCUMENTATION_COMMENTS = YES;
				CLANG_WARN_EMPTY_BODY = YES;
				CLANG_WARN_ENUM_CONVERSION = YES;
				CLANG_WARN_INFINITE_RECURSION = YES;
				CLANG_WARN_INT_CONVERSION = YES;
				CLANG_WARN_NON_LITERAL_NULL_CONVERSION = YES;
				CLANG_WARN_OBJC_IMPLICIT_RETAIN_SELF = YES;
				CLANG_WARN_OBJC_LITERAL_CONVERSION = YES;
				CLANG_WARN_OBJC_ROOT_CLASS = YES_ERROR;
				CLANG_WARN_QUOTED_INCLUDE_IN_FRAMEWORK_HEADER = YES;
				CLANG_WARN_RANGE_LOOP_ANALYSIS = YES;
				CLANG_WARN_STRICT_PROTOTYPES = YES;
				CLANG_WARN_SUSPICIOUS_MOVE = YES;
				CLANG_WARN_UNGUARDED_AVAILABILITY = YES_AGGRESSIVE;
				CLANG_WARN_UNREACHABLE_CODE = YES;
				CLANG_WARN__DUPLICATE_METHOD_MATCH = YES;
				COPY_PHASE_STRIP = NO;
				DEBUG_INFORMATION_FORMAT = "dwarf-with-dsym";
				ENABLE_NS_ASSERTIONS = NO;
				ENABLE_STRICT_OBJC_MSGSEND = YES;
				FRAMEWORK_SEARCH_PATHS = "";
				GCC_C_LANGUAGE_STANDARD = gnu11;
				GCC_NO_COMMON_BLOCKS = YES;
				GCC_WARN_64_TO_32_BIT_CONVERSION = YES;
				GCC_WARN_ABOUT_RETURN_TYPE = YES_ERROR;
				GCC_WARN_UNDECLARED_SELECTOR = YES;
				GCC_WARN_UNINITIALIZED_AUTOS = YES_AGGRESSIVE;
				GCC_WARN_UNUSED_FUNCTION = YES;
				GCC_WARN_UNUSED_VARIABLE = YES;
				IPHONEOS_DEPLOYMENT_TARGET = 14.3;
				MTL_ENABLE_DEBUG_INFO = NO;
				MTL_FAST_MATH = YES;
				SDKROOT = iphoneos;
				SWIFT_COMPILATION_MODE = wholemodule;
				SWIFT_OPTIMIZATION_LEVEL = "-O";
				VALIDATE_PRODUCT = YES;
			};
			name = Release;
		};
		8E782AE42647D3AC00D93D89 /* Debug */ = {
			isa = XCBuildConfiguration;
			baseConfigurationReference = 1FC203A57B3F8323CDD97235 /* Pods-PrivateRoom.debug.xcconfig */;
			buildSettings = {
				ALWAYS_EMBED_SWIFT_STANDARD_LIBRARIES = YES;
				ASSETCATALOG_COMPILER_APPICON_NAME = AppIcon;
				ASSETCATALOG_COMPILER_GLOBAL_ACCENT_COLOR_NAME = AccentColor;
				CODE_SIGN_ENTITLEMENTS = PrivateRoom/PrivateRoom.entitlements;
				CODE_SIGN_STYLE = Automatic;
				DEVELOPMENT_TEAM = FJ57DUH592;
				FRAMEWORK_SEARCH_PATHS = (
					"$(inherited)",
					"\"${PODS_CONFIGURATION_BUILD_DIR}/Alamofire\"",
					"\"${PODS_CONFIGURATION_BUILD_DIR}/RxCocoa\"",
					"\"${PODS_CONFIGURATION_BUILD_DIR}/FSCalendar\"",
				);
				INFOPLIST_FILE = PrivateRoom/Info.plist;
				LD_RUNPATH_SEARCH_PATHS = (
					"$(inherited)",
					"@executable_path/Frameworks",
				);
				ONLY_ACTIVE_ARCH = YES;
				PRODUCT_BUNDLE_IDENTIFIER = Develop.PrivateRoom;
				PRODUCT_NAME = "$(TARGET_NAME)";
				SWIFT_VERSION = 5.0;
				TARGETED_DEVICE_FAMILY = "1,2";
			};
			name = Debug;
		};
		8E782AE52647D3AC00D93D89 /* Release */ = {
			isa = XCBuildConfiguration;
			baseConfigurationReference = 6FCDA5CC2DDC839482B705BB /* Pods-PrivateRoom.release.xcconfig */;
			buildSettings = {
				ALWAYS_EMBED_SWIFT_STANDARD_LIBRARIES = YES;
				ASSETCATALOG_COMPILER_APPICON_NAME = AppIcon;
				ASSETCATALOG_COMPILER_GLOBAL_ACCENT_COLOR_NAME = AccentColor;
				CODE_SIGN_ENTITLEMENTS = PrivateRoom/PrivateRoom.entitlements;
				CODE_SIGN_STYLE = Automatic;
				DEVELOPMENT_TEAM = FJ57DUH592;
				FRAMEWORK_SEARCH_PATHS = (
					"$(inherited)",
					"\"${PODS_CONFIGURATION_BUILD_DIR}/Alamofire\"",
					"\"${PODS_CONFIGURATION_BUILD_DIR}/RxCocoa\"",
					"\"${PODS_CONFIGURATION_BUILD_DIR}/FSCalendar\"",
				);
				INFOPLIST_FILE = PrivateRoom/Info.plist;
				LD_RUNPATH_SEARCH_PATHS = (
					"$(inherited)",
					"@executable_path/Frameworks",
				);
				ONLY_ACTIVE_ARCH = YES;
				PRODUCT_BUNDLE_IDENTIFIER = Develop.PrivateRoom;
				PRODUCT_NAME = "$(TARGET_NAME)";
				SWIFT_VERSION = 5.0;
				TARGETED_DEVICE_FAMILY = "1,2";
			};
			name = Release;
		};
/* End XCBuildConfiguration section */

/* Begin XCConfigurationList section */
		8E1D607A26B92BCC00DF53FE /* Build configuration list for PBXNativeTarget "AlarmPushNotificationService" */ = {
			isa = XCConfigurationList;
			buildConfigurations = (
				8E1D607B26B92BCC00DF53FE /* Debug */,
				8E1D607C26B92BCC00DF53FE /* Release */,
			);
			defaultConfigurationIsVisible = 0;
			defaultConfigurationName = Release;
		};
		8E782AC72647D3A400D93D89 /* Build configuration list for PBXProject "PrivateRoom" */ = {
			isa = XCConfigurationList;
			buildConfigurations = (
				8E782AE12647D3AC00D93D89 /* Debug */,
				8E782AE22647D3AC00D93D89 /* Release */,
			);
			defaultConfigurationIsVisible = 0;
			defaultConfigurationName = Release;
		};
		8E782AE32647D3AC00D93D89 /* Build configuration list for PBXNativeTarget "PrivateRoom" */ = {
			isa = XCConfigurationList;
			buildConfigurations = (
				8E782AE42647D3AC00D93D89 /* Debug */,
				8E782AE52647D3AC00D93D89 /* Release */,
			);
			defaultConfigurationIsVisible = 0;
			defaultConfigurationName = Release;
		};
/* End XCConfigurationList section */

/* Begin XCVersionGroup section */
		8E782AD82647D3A400D93D89 /* PrivateRoom.xcdatamodeld */ = {
			isa = XCVersionGroup;
			children = (
				8E782AD92647D3A400D93D89 /* PrivateRoom.xcdatamodel */,
			);
			currentVersion = 8E782AD92647D3A400D93D89 /* PrivateRoom.xcdatamodel */;
			path = PrivateRoom.xcdatamodeld;
			sourceTree = "<group>";
			versionGroupType = wrapper.xcdatamodel;
		};
/* End XCVersionGroup section */
	};
	rootObject = 8E782AC42647D3A400D93D89 /* Project object */;
}
